
Microsoft Visual Studio Solution File, Format Version 12.00
# Visual Studio Version 16
VisualStudioVersion = 16.0.29201.188
MinimumVisualStudioVersion = 10.0.40219.1
Project("{FAE04EC0-301F-11D3-BF4B-00C04F79EFBC}") = "VSSourceControl", "VSSourceControl\VSSourceControl.csproj", "{1BCBD924-55FB-4018-9C6E-F77982B7BE2E}"
EndProject
Global
	GlobalSection(SolutionConfigurationPlatforms) = preSolution
		Debug|Any CPU = Debug|Any CPU
		Release|Any CPU = Release|Any CPU
	EndGlobalSection
	GlobalSection(ProjectConfigurationPlatforms) = postSolution
		{1BCBD924-55FB-4018-9C6E-F77982B7BE2E}.Debug|Any CPU.ActiveCfg = Debug|Any CPU
		{1BCBD924-55FB-4018-9C6E-F77982B7BE2E}.Debug|Any CPU.Build.0 = Debug|Any CPU
		{1BCBD924-55FB-4018-9C6E-F77982B7BE2E}.Release|Any CPU.ActiveCfg = Release|Any CPU
		{1BCBD924-55FB-4018-9C6E-F77982B7BE2E}.Release|Any CPU.Build.0 = Release|Any CPU
	EndGlobalSection
	GlobalSection(SolutionProperties) = preSolution
		HideSolutionNode = FALSE
	EndGlobalSection
	GlobalSection(ExtensibilityGlobals) = postSolution
		SolutionGuid = {56D4ADB1-F631-4111-BCCE-A92A2C02C96B}
	EndGlobalSection
EndGlobal
